
Microsoft Visual Studio Solution File, Format Version 12.00
# Visual Studio 15
VisualStudioVersion = 15.0.28307.136
MinimumVisualStudioVersion = 10.0.40219.1
Project("{9A19103F-16F7-4668-BE54-9A1E7A4F7556}") = "Bluegrass.Menu.API", "Bluegrass.Menu.API\Bluegrass.Menu.API.csproj", "{70F20214-3EFE-4045-ADF6-C0B7C0F12037}"
EndProject
Project("{9A19103F-16F7-4668-BE54-9A1E7A4F7556}") = "Bluegrass.Menu.Models", "Bluegrass.Menu.Models\Bluegrass.Menu.Models.csproj", "{E86D3B03-4FA6-4614-9CEC-6592D8CBCD76}"
EndProject
Project("{9A19103F-16F7-4668-BE54-9A1E7A4F7556}") = "Bluegrass.Menu.Services", "Bluegrass.Menu.Services\Bluegrass.Menu.Services.csproj", "{66C71906-34A7-40D9-A261-E6856E479C24}"
EndProject
Project("{9A19103F-16F7-4668-BE54-9A1E7A4F7556}") = "Bluegrass.Menu.EFRepository", "Bluegrass.Menu.EFRepository\Bluegrass.Menu.EFRepository.csproj", "{545EA0B5-85AC-46DF-915D-BCBE6D1D013F}"
EndProject
Global
	GlobalSection(SolutionConfigurationPlatforms) = preSolution
		Debug|Any CPU = Debug|Any CPU
		Release|Any CPU = Release|Any CPU
	EndGlobalSection
	GlobalSection(ProjectConfigurationPlatforms) = postSolution
		{70F20214-3EFE-4045-ADF6-C0B7C0F12037}.Debug|Any CPU.ActiveCfg = Debug|Any CPU
		{70F20214-3EFE-4045-ADF6-C0B7C0F12037}.Debug|Any CPU.Build.0 = Debug|Any CPU
		{70F20214-3EFE-4045-ADF6-C0B7C0F12037}.Release|Any CPU.ActiveCfg = Release|Any CPU
		{70F20214-3EFE-4045-ADF6-C0B7C0F12037}.Release|Any CPU.Build.0 = Release|Any CPU
		{E86D3B03-4FA6-4614-9CEC-6592D8CBCD76}.Debug|Any CPU.ActiveCfg = Debug|Any CPU
		{E86D3B03-4FA6-4614-9CEC-6592D8CBCD76}.Debug|Any CPU.Build.0 = Debug|Any CPU
		{E86D3B03-4FA6-4614-9CEC-6592D8CBCD76}.Release|Any CPU.ActiveCfg = Release|Any CPU
		{E86D3B03-4FA6-4614-9CEC-6592D8CBCD76}.Release|Any CPU.Build.0 = Release|Any CPU
		{66C71906-34A7-40D9-A261-E6856E479C24}.Debug|Any CPU.ActiveCfg = Debug|Any CPU
		{66C71906-34A7-40D9-A261-E6856E479C24}.Debug|Any CPU.Build.0 = Debug|Any CPU
		{66C71906-34A7-40D9-A261-E6856E479C24}.Release|Any CPU.ActiveCfg = Release|Any CPU
		{66C71906-34A7-40D9-A261-E6856E479C24}.Release|Any CPU.Build.0 = Release|Any CPU
		{545EA0B5-85AC-46DF-915D-BCBE6D1D013F}.Debug|Any CPU.ActiveCfg = Debug|Any CPU
		{545EA0B5-85AC-46DF-915D-BCBE6D1D013F}.Debug|Any CPU.Build.0 = Debug|Any CPU
		{545EA0B5-85AC-46DF-915D-BCBE6D1D013F}.Release|Any CPU.ActiveCfg = Release|Any CPU
		{545EA0B5-85AC-46DF-915D-BCBE6D1D013F}.Release|Any CPU.Build.0 = Release|Any CPU
	EndGlobalSection
	GlobalSection(SolutionProperties) = preSolution
		HideSolutionNode = FALSE
	EndGlobalSection
	GlobalSection(ExtensibilityGlobals) = postSolution
		SolutionGuid = {8D12F76B-753B-4549-8729-4CD875D9487A}
	EndGlobalSection
EndGlobal
